PODS:
  - Nimble (4.0.1)
  - Quick (0.9.2)
  - SwiftChan (0.1.0)

DEPENDENCIES:
  - Nimble
  - Quick
  - SwiftChan (from `../`)

EXTERNAL SOURCES:
  SwiftChan:
    :path: "../"

SPEC CHECKSUMS:
  Nimble: 0f3c8b8b084cda391209c3c5efbb48bedeeb920a
  Quick: 18d057bc66451eedd5d1c8dc99ba2a5db6e60226
  SwiftChan: d20c11f86f88d5dbefdcfeca764bb25b9325b81f

COCOAPODS: 0.39.0
